
Microsoft Visual Studio Solution File, Format Version 12.00
# Visual Studio Version 16
VisualStudioVersion = 16.0.29411.138
MinimumVisualStudioVersion = 10.0.40219.1
Project("{FAE04EC0-301F-11D3-BF4B-00C04F79EFBC}") = "MyExcel.Test", "MyExcel.Test\MyExcel.Test.csproj", "{68BDA430-2B67-43A6-B969-A778963F6687}"
EndProject
Project("{FAE04EC0-301F-11D3-BF4B-00C04F79EFBC}") = "MyExcel", "MyExcel\MyExcel.csproj", "{AF3A0679-88E1-4002-911C-11FC7D39FEB9}"
EndProject
Global
	GlobalSection(SolutionConfigurationPlatforms) = preSolution
		Debug|Any CPU = Debug|Any CPU
		Release|Any CPU = Release|Any CPU
	EndGlobalSection
	GlobalSection(ProjectConfigurationPlatforms) = postSolution
		{68BDA430-2B67-43A6-B969-A778963F6687}.Debug|Any CPU.ActiveCfg = Debug|Any CPU
		{68BDA430-2B67-43A6-B969-A778963F6687}.Debug|Any CPU.Build.0 = Debug|Any CPU
		{68BDA430-2B67-43A6-B969-A778963F6687}.Release|Any CPU.ActiveCfg = Release|Any CPU
		{68BDA430-2B67-43A6-B969-A778963F6687}.Release|Any CPU.Build.0 = Release|Any CPU
		{AF3A0679-88E1-4002-911C-11FC7D39FEB9}.Debug|Any CPU.ActiveCfg = Debug|Any CPU
		{AF3A0679-88E1-4002-911C-11FC7D39FEB9}.Debug|Any CPU.Build.0 = Debug|Any CPU
		{AF3A0679-88E1-4002-911C-11FC7D39FEB9}.Release|Any CPU.ActiveCfg = Release|Any CPU
		{AF3A0679-88E1-4002-911C-11FC7D39FEB9}.Release|Any CPU.Build.0 = Release|Any CPU
	EndGlobalSection
	GlobalSection(SolutionProperties) = preSolution
		HideSolutionNode = FALSE
	EndGlobalSection
	GlobalSection(ExtensibilityGlobals) = postSolution
		SolutionGuid = {FAEB4547-E57D-4A0D-8105-DE2E6F6DD2DD}
	EndGlobalSection
EndGlobal
